Microsoft Visual Studio Solution File, Format Version 12.00
# Visual Studio Version 17
VisualStudioVersion = 17.0.31903.59
MinimumVisualStudioVersion = 10.0.40219.1
Project("{8BC9CEB8-8B4A-11D0-8D11-00A0C91BC942}") = "sp", "sp.vcxproj", "{D6EBC4DF-64B0-4DFA-8D03-3E4F0F4C5F31}"
EndProject
Project("{8BC9CEB8-8B4A-11D0-8D11-00A0C91BC942}") = "fs", "fs.vcxproj", "{9A8D3D3E-4B20-4E12-B1F3-4C1A4A47D55E}"
EndProject
Project("{8BC9CEB8-8B4A-11D0-8D11-00A0C91BC942}") = "core", "core.vcxproj", "{7E7E6A1A-FD3F-4281-BCF4-230506A66BE5}"
EndProject
Project("{8BC9CEB8-8B4A-11D0-8D11-00A0C91BC942}") = "process", "process.vcxproj", "{A1B2C3D4-E5F6-4A8B-9C0D-E1F2A3B4C5D6}"
EndProject
Project("{8BC9CEB8-8B4A-11D0-8D11-00A0C91BC942}") = "ps", "ps.vcxproj", "{B3A7C8D1-E5F2-4A3B-9C6D-1F2E3A4B5C6D}"
EndProject
Project("{8BC9CEB8-8B4A-11D0-8D11-00A0C91BC942}") = "fmon", "fmon.vcxproj", "{C4D5E6F7-A1B2-4C3D-8E9F-0A1B2C3D4E5F}"
EndProject
Global
	GlobalSection(SolutionConfigurationPlatforms) = preSolution
		Debug|x64 = Debug|x64
		Release|x64 = Release|x64
	EndGlobalSection
	GlobalSection(ProjectConfigurationPlatforms) = postSolution
		{D6EBC4DF-64B0-4DFA-8D03-3E4F0F4C5F31}.Debug|x64.ActiveCfg = Debug|x64
		{D6EBC4DF-64B0-4DFA-8D03-3E4F0F4C5F31}.Debug|x64.Build.0 = Debug|x64
		{D6EBC4DF-64B0-4DFA-8D03-3E4F0F4C5F31}.Release|x64.ActiveCfg = Release|x64
		{D6EBC4DF-64B0-4DFA-8D03-3E4F0F4C5F31}.Release|x64.Build.0 = Release|x64
		{9A8D3D3E-4B20-4E12-B1F3-4C1A4A47D55E}.Debug|x64.ActiveCfg = Debug|x64
		{9A8D3D3E-4B20-4E12-B1F3-4C1A4A47D55E}.Debug|x64.Build.0 = Debug|x64
		{9A8D3D3E-4B20-4E12-B1F3-4C1A4A47D55E}.Release|x64.ActiveCfg = Release|x64
		{9A8D3D3E-4B20-4E12-B1F3-4C1A4A47D55E}.Release|x64.Build.0 = Release|x64
		{7E7E6A1A-FD3F-4281-BCF4-230506A66BE5}.Debug|x64.ActiveCfg = Debug|x64
		{7E7E6A1A-FD3F-4281-BCF4-230506A66BE5}.Debug|x64.Build.0 = Debug|x64
		{7E7E6A1A-FD3F-4281-BCF4-230506A66BE5}.Release|x64.ActiveCfg = Release|x64
		{7E7E6A1A-FD3F-4281-BCF4-230506A66BE5}.Release|x64.Build.0 = Release|x64
		{A1B2C3D4-E5F6-4A8B-9C0D-E1F2A3B4C5D6}.Debug|x64.ActiveCfg = Debug|x64
		{A1B2C3D4-E5F6-4A8B-9C0D-E1F2A3B4C5D6}.Debug|x64.Build.0 = Debug|x64
		{A1B2C3D4-E5F6-4A8B-9C0D-E1F2A3B4C5D6}.Release|x64.ActiveCfg = Release|x64
		{A1B2C3D4-E5F6-4A8B-9C0D-E1F2A3B4C5D6}.Release|x64.Build.0 = Release|x64
		{B3A7C8D1-E5F2-4A3B-9C6D-1F2E3A4B5C6D}.Debug|x64.ActiveCfg = Debug|x64
		{B3A7C8D1-E5F2-4A3B-9C6D-1F2E3A4B5C6D}.Debug|x64.Build.0 = Debug|x64
		{B3A7C8D1-E5F2-4A3B-9C6D-1F2E3A4B5C6D}.Release|x64.ActiveCfg = Release|x64
		{B3A7C8D1-E5F2-4A3B-9C6D-1F2E3A4B5C6D}.Release|x64.Build.0 = Release|x64
		{C4D5E6F7-A1B2-4C3D-8E9F-0A1B2C3D4E5F}.Debug|x64.ActiveCfg = Debug|x64
		{C4D5E6F7-A1B2-4C3D-8E9F-0A1B2C3D4E5F}.Debug|x64.Build.0 = Debug|x64
		{C4D5E6F7-A1B2-4C3D-8E9F-0A1B2C3D4E5F}.Release|x64.ActiveCfg = Release|x64
		{C4D5E6F7-A1B2-4C3D-8E9F-0A1B2C3D4E5F}.Release|x64.Build.0 = Release|x64
	EndGlobalSection
	GlobalSection(SolutionProperties) = preSolution
		HideSolutionNode = FALSE
	EndGlobalSection
EndGlobal
